// !$*UTF8*$!
{
	archiveVersion = 1;
	classes = {
	};
	objectVersion = 46;
	objects = {

/* Begin PBXBuildFile section */
		883BA7C31A7FA28A00B0DDA1 /* main.m in Sources */ = {isa = PBXBuildFile; fileRef = 883BA7C21A7FA28A00B0DDA1 /* main.m */; };
		883BA7C61A7FA28A00B0DDA1 /* AppDelegate.m in Sources */ = {isa = PBXBuildFile; fileRef = 883BA7C51A7FA28A00B0DDA1 /* AppDelegate.m */; };
		883BA7CC1A7FA28A00B0DDA1 /* Main.storyboard in Resources */ = {isa = PBXBuildFile; fileRef = 883BA7CA1A7FA28A00B0DDA1 /* Main.storyboard */; };
		883BA7CE1A7FA28A00B0DDA1 /* Images.xcassets in Resources */ = {isa = PBXBuildFile; fileRef = 883BA7CD1A7FA28A00B0DDA1 /* Images.xcassets */; };
		883BA7D11A7FA28A00B0DDA1 /* LaunchScreen.xib in Resources */ = {isa = PBXBuildFile; fileRef = 883BA7CF1A7FA28A00B0DDA1 /* LaunchScreen.xib */; };
		883BA7DD1A7FA28B00B0DDA1 /* MonkeyMeTests.m in Sources */ = {isa = PBXBuildFile; fileRef = 883BA7DC1A7FA28B00B0DDA1 /* MonkeyMeTests.m */; };
		883BA7EB1A7FA2EB00B0DDA1 /* background.jpg in Resources */ = {isa = PBXBuildFile; fileRef = 883BA7E61A7FA2EB00B0DDA1 /* background.jpg */; };
		883BA7EC1A7FA2EB00B0DDA1 /* cancel_ic.png in Resources */ = {isa = PBXBuildFile; fileRef = 883BA7E71A7FA2EB00B0DDA1 /* cancel_ic.png */; };
		883BA7ED1A7FA2EB00B0DDA1 /* pinkLine.png in Resources */ = {isa = PBXBuildFile; fileRef = 883BA7E81A7FA2EB00B0DDA1 /* pinkLine.png */; };
		883BA7EE1A7FA2EB00B0DDA1 /* signup_1_ic.png in Resources */ = {isa = PBXBuildFile; fileRef = 883BA7E91A7FA2EB00B0DDA1 /* signup_1_ic.png */; };
		883BA7EF1A7FA2EB00B0DDA1 /* signup_e_ic.png in Resources */ = {isa = PBXBuildFile; fileRef = 883BA7EA1A7FA2EB00B0DDA1 /* signup_e_ic.png */; };
		883BA8051A7FA3C200B0DDA1 /* JoinPopupViewController.m in Sources */ = {isa = PBXBuildFile; fileRef = 883BA7F21A7FA3C100B0DDA1 /* JoinPopupViewController.m */; };
		883BA8061A7FA3C200B0DDA1 /* LoginPopupViewController.m in Sources */ = {isa = PBXBuildFile; fileRef = 883BA7F41A7FA3C100B0DDA1 /* LoginPopupViewController.m */; };
		883BA8071A7FA3C200B0DDA1 /* NetworkController.m in Sources */ = {isa = PBXBuildFile; fileRef = 883BA7F61A7FA3C100B0DDA1 /* NetworkController.m */; };
		883BA8081A7FA3C200B0DDA1 /* RootViewController.m in Sources */ = {isa = PBXBuildFile; fileRef = 883BA7F81A7FA3C100B0DDA1 /* RootViewController.m */; };
		883BA8091A7FA3C200B0DDA1 /* SVIndefiniteAnimatedView.m in Sources */ = {isa = PBXBuildFile; fileRef = 883BA7FB1A7FA3C200B0DDA1 /* SVIndefiniteAnimatedView.m */; };
		883BA80A1A7FA3C200B0DDA1 /* SVProgressHUD.bundle in Resources */ = {isa = PBXBuildFile; fileRef = 883BA7FD1A7FA3C200B0DDA1 /* SVProgressHUD.bundle */; };
		883BA80B1A7FA3C200B0DDA1 /* SVProgressHUD.m in Sources */ = {isa = PBXBuildFile; fileRef = 883BA7FF1A7FA3C200B0DDA1 /* SVProgressHUD.m */; };
		883BA80C1A7FA3C200B0DDA1 /* WYPopoverController.m in Sources */ = {isa = PBXBuildFile; fileRef = 883BA8021A7FA3C200B0DDA1 /* WYPopoverController.m */; };
		883BA80D1A7FA3C200B0DDA1 /* WYStoryboardPopoverSegue.m in Sources */ = {isa = PBXBuildFile; fileRef = 883BA8041A7FA3C200B0DDA1 /* WYStoryboardPopoverSegue.m */; };
		883BA8101A7FA3E700B0DDA1 /* LoginViewController.m in Sources */ = {isa = PBXBuildFile; fileRef = 883BA80F1A7FA3E700B0DDA1 /* LoginViewController.m */; };
		883BA8131A7FA4EA00B0DDA1 /* eg_launch_up.jpg in Resources */ = {isa = PBXBuildFile; fileRef = 883BA8111A7FA4EA00B0DDA1 /* eg_launch_up.jpg */; };
		883BA8141A7FA4EA00B0DDA1 /* eg_launch.png in Resources */ = {isa = PBXBuildFile; fileRef = 883BA8121A7FA4EA00B0DDA1 /* eg_launch.png */; };
		8862FF431A9F2EB200A1E7A9 /* EditProfileViewController.m in Sources */ = {isa = PBXBuildFile; fileRef = 8862FF421A9F2EB200A1E7A9 /* EditProfileViewController.m */; };
		8862FF461A9F2EC100A1E7A9 /* EditPhotoViewController.m in Sources */ = {isa = PBXBuildFile; fileRef = 8862FF451A9F2EC100A1E7A9 /* EditPhotoViewController.m */; };
		8862FF481A9F379000A1E7A9 /* phoedic.png in Resources */ = {isa = PBXBuildFile; fileRef = 8862FF471A9F379000A1E7A9 /* phoedic.png */; };
		8862FF4B1A9F37B600A1E7A9 /* SharePopupViewController.m in Sources */ = {isa = PBXBuildFile; fileRef = 8862FF4A1A9F37B600A1E7A9 /* SharePopupViewController.m */; };
		8862FF4D1A9F517200A1E7A9 /* share.png in Resources */ = {isa = PBXBuildFile; fileRef = 8862FF4C1A9F517200A1E7A9 /* share.png */; };
		8862FF4F1A9F53B400A1E7A9 /* mleaf.png in Resources */ = {isa = PBXBuildFile; fileRef = 8862FF4E1A9F53B400A1E7A9 /* mleaf.png */; };
		887F2F731A9B60FF005E2F4F /* mleafbutton.png in Resources */ = {isa = PBXBuildFile; fileRef = 887F2F721A9B60FF005E2F4F /* mleafbutton.png */; };
		887F2F761A9B657A005E2F4F /* GuessViewController.m in Sources */ = {isa = PBXBuildFile; fileRef = 887F2F751A9B657A005E2F4F /* GuessViewController.m */; };
		888043881A9E1D910092C7AC /* GuessRightViewController.m in Sources */ = {isa = PBXBuildFile; fileRef = 888043871A9E1D910092C7AC /* GuessRightViewController.m */; };
		889789D41A88BE1F00B2B8A6 /* profbox.png in Resources */ = {isa = PBXBuildFile; fileRef = 889789D31A88BE1F00B2B8A6 /* profbox.png */; };
		889CD0C41A85EFEF00580FB6 /* banana.png in Resources */ = {isa = PBXBuildFile; fileRef = 889CD0B81A85EFEF00580FB6 /* banana.png */; };
		889CD0C51A85EFEF00580FB6 /* energy.png in Resources */ = {isa = PBXBuildFile; fileRef = 889CD0B91A85EFEF00580FB6 /* energy.png */; };
		889CD0C61A85EFEF00580FB6 /* friendslist.png in Resources */ = {isa = PBXBuildFile; fileRef = 889CD0BA1A85EFEF00580FB6 /* friendslist.png */; };
		889CD0C71A85EFEF00580FB6 /* gomonkey.png in Resources */ = {isa = PBXBuildFile; fileRef = 889CD0BB1A85EFEF00580FB6 /* gomonkey.png */; };
		889CD0C81A85EFEF00580FB6 /* goprof.png in Resources */ = {isa = PBXBuildFile; fileRef = 889CD0BC1A85EFEF00580FB6 /* goprof.png */; };
		889CD0C91A85EFEF00580FB6 /* indexline.png in Resources */ = {isa = PBXBuildFile; fileRef = 889CD0BD1A85EFEF00580FB6 /* indexline.png */; };
		889CD0CA1A85EFEF00580FB6 /* levc.png in Resources */ = {isa = PBXBuildFile; fileRef = 889CD0BE1A85EFEF00580FB6 /* levc.png */; };
		889CD0CB1A85EFEF00580FB6 /* menu.png in Resources */ = {isa = PBXBuildFile; fileRef = 889CD0BF1A85EFEF00580FB6 /* menu.png */; };
		889CD0CC1A85EFEF00580FB6 /* myturn.png in Resources */ = {isa = PBXBuildFile; fileRef = 889CD0C01A85EFEF00580FB6 /* myturn.png */; };
		889CD0CD1A85EFEF00580FB6 /* puzzlemode.png in Resources */ = {isa = PBXBuildFile; fileRef = 889CD0C11A85EFEF00580FB6 /* puzzlemode.png */; };
		889CD0CE1A85EFEF00580FB6 /* shop.png in Resources */ = {isa = PBXBuildFile; fileRef = 889CD0C21A85EFEF00580FB6 /* shop.png */; };
		889CD0CF1A85EFEF00580FB6 /* theirturn.png in Resources */ = {isa = PBXBuildFile; fileRef = 889CD0C31A85EFEF00580FB6 /* theirturn.png */; };
		889CD0E31A861E4300580FB6 /* SlideNavigationContorllerAnimatorFade.m in Sources */ = {isa = PBXBuildFile; fileRef = 889CD0D51A861E4300580FB6 /* SlideNavigationContorllerAnimatorFade.m */; };
		889CD0E41A861E4300580FB6 /* SlideNavigationContorllerAnimatorScale.m in Sources */ = {isa = PBXBuildFile; fileRef = 889CD0D71A861E4300580FB6 /* SlideNavigationContorllerAnimatorScale.m */; };
		889CD0E51A861E4300580FB6 /* SlideNavigationContorllerAnimatorScaleAndFade.m in Sources */ = {isa = PBXBuildFile; fileRef = 889CD0D91A861E4300580FB6 /* SlideNavigationContorllerAnimatorScaleAndFade.m */; };
		889CD0E61A861E4300580FB6 /* SlideNavigationContorllerAnimatorSlide.m in Sources */ = {isa = PBXBuildFile; fileRef = 889CD0DB1A861E4300580FB6 /* SlideNavigationContorllerAnimatorSlide.m */; };
		889CD0E71A861E4300580FB6 /* SlideNavigationContorllerAnimatorSlideAndFade.m in Sources */ = {isa = PBXBuildFile; fileRef = 889CD0DD1A861E4300580FB6 /* SlideNavigationContorllerAnimatorSlideAndFade.m */; };
		889CD0E81A861E4300580FB6 /* menu-button.png in Resources */ = {isa = PBXBuildFile; fileRef = 889CD0DF1A861E4300580FB6 /* menu-button.png */; };
		889CD0E91A861E4300580FB6 /* menu-button@2x.png in Resources */ = {isa = PBXBuildFile; fileRef = 889CD0E01A861E4300580FB6 /* menu-button@2x.png */; };
		889CD0EA1A861E4300580FB6 /* SlideNavigationController.m in Sources */ = {isa = PBXBuildFile; fileRef = 889CD0E21A861E4300580FB6 /* SlideNavigationController.m */; };
		889CD0F51A86204000580FB6 /* gear.png in Resources */ = {isa = PBXBuildFile; fileRef = 889CD0F11A86204000580FB6 /* gear.png */; };
		889CD0F61A86204000580FB6 /* rightMenu.jpg in Resources */ = {isa = PBXBuildFile; fileRef = 889CD0F21A86204000580FB6 /* rightMenu.jpg */; };
		889CD0F71A86204000580FB6 /* leftMenu.jpg in Resources */ = {isa = PBXBuildFile; fileRef = 889CD0F31A86204000580FB6 /* leftMenu.jpg */; };
		889CD0F81A86204000580FB6 /* animation.png in Resources */ = {isa = PBXBuildFile; fileRef = 889CD0F41A86204000580FB6 /* animation.png */; };
		889CD0FB1A8624A800580FB6 /* MainViewController.m in Sources */ = {isa = PBXBuildFile; fileRef = 889CD0FA1A8624A800580FB6 /* MainViewController.m */; };
		889CD0FE1A86345600580FB6 /* LeftViewController.m in Sources */ = {isa = PBXBuildFile; fileRef = 889CD0FD1A86345600580FB6 /* LeftViewController.m */; };
		889CD1011A86346200580FB6 /* RightViewController.m in Sources */ = {isa = PBXBuildFile; fileRef = 889CD1001A86346200580FB6 /* RightViewController.m */; };
		889CD1031A8641D900580FB6 /* QuartzCore.framework in Frameworks */ = {isa = PBXBuildFile; fileRef = 889CD1021A8641D900580FB6 /* QuartzCore.framework */; };
		889CD1051A8641E400580FB6 /* UIKit.framework in Frameworks */ = {isa = PBXBuildFile; fileRef = 889CD1041A8641E400580FB6 /* UIKit.framework */; };
		889CD1071A8641F400580FB6 /* Foundation.framework in Frameworks */ = {isa = PBXBuildFile; fileRef = 889CD1061A8641F400580FB6 /* Foundation.framework */; };
		889CD1091A8641FB00580FB6 /* CoreGraphics.framework in Frameworks */ = {isa = PBXBuildFile; fileRef = 889CD1081A8641FB00580FB6 /* CoreGraphics.framework */; };
		88A68FE31A8A0DDD00DBA3CE /* MainTableViewCell.m in Sources */ = {isa = PBXBuildFile; fileRef = 88A68FE21A8A0DDD00DBA3CE /* MainTableViewCell.m */; };
		88A68FE91A8A14B400DBA3CE /* yong.jpg in Resources */ = {isa = PBXBuildFile; fileRef = 88A68FE51A8A14B400DBA3CE /* yong.jpg */; };
		88A68FEA1A8A14B400DBA3CE /* chole.jpg in Resources */ = {isa = PBXBuildFile; fileRef = 88A68FE61A8A14B400DBA3CE /* chole.jpg */; };
		88A68FEB1A8A14B400DBA3CE /* medic.jpg in Resources */ = {isa = PBXBuildFile; fileRef = 88A68FE71A8A14B400DBA3CE /* medic.jpg */; };
		88A68FEC1A8A14B400DBA3CE /* ky.png in Resources */ = {isa = PBXBuildFile; fileRef = 88A68FE81A8A14B400DBA3CE /* ky.png */; };
		88B656D21A8E0A7000F73DB4 /* achieve.png in Resources */ = {isa = PBXBuildFile; fileRef = 88B656CC1A8E0A7000F73DB4 /* achieve.png */; };
		88B656D31A8E0A7000F73DB4 /* help.png in Resources */ = {isa = PBXBuildFile; fileRef = 88B656CD1A8E0A7000F73DB4 /* help.png */; };
		88B656D41A8E0A7000F73DB4 /* inbox.png in Resources */ = {isa = PBXBuildFile; fileRef = 88B656CE1A8E0A7000F73DB4 /* inbox.png */; };
		88B656D51A8E0A7000F73DB4 /* ranking.png in Resources */ = {isa = PBXBuildFile; fileRef = 88B656CF1A8E0A7000F73DB4 /* ranking.png */; };
		88B656D61A8E0A7000F73DB4 /* settings.png in Resources */ = {isa = PBXBuildFile; fileRef = 88B656D01A8E0A7000F73DB4 /* settings.png */; };
		88B656D71A8E0A7000F73DB4 /* word.png in Resources */ = {isa = PBXBuildFile; fileRef = 88B656D11A8E0A7000F73DB4 /* word.png */; };
		88BB5BB61A91F16800385C04 /* ProfileViewController.m in Sources */ = {isa = PBXBuildFile; fileRef = 88BB5BB51A91F16800385C04 /* ProfileViewController.m */; };
		88BB5BB81A91F81500385C04 /* back.png in Resources */ = {isa = PBXBuildFile; fileRef = 88BB5BB71A91F81500385C04 /* back.png */; };
		88BB5BBA1A91F86300385C04 /* back_top.png in Resources */ = {isa = PBXBuildFile; fileRef = 88BB5BB91A91F86300385C04 /* back_top.png */; };
		88BB5BBC1A9209DD00385C04 /* selected.png in Resources */ = {isa = PBXBuildFile; fileRef = 88BB5BBB1A9209DD00385C04 /* selected.png */; };
		88BB5BCA1A92117C00385C04 /* private.png in Resources */ = {isa = PBXBuildFile; fileRef = 88BB5BC61A92117C00385C04 /* private.png */; };
		88BB5BCD1A922EDD00385C04 /* PhotoViewController.m in Sources */ = {isa = PBXBuildFile; fileRef = 88BB5BCC1A922EDD00385C04 /* PhotoViewController.m */; };
		88BB5BD01A922EF000385C04 /* GameViewController.m in Sources */ = {isa = PBXBuildFile; fileRef = 88BB5BCF1A922EF000385C04 /* GameViewController.m */; };
		88BB5BD31A923DF400385C04 /* AchieveViewController.m in Sources */ = {isa = PBXBuildFile; fileRef = 88BB5BD21A923DF400385C04 /* AchieveViewController.m */; };
		88BB5BDA1A935E7200385C04 /* achb.png in Resources */ = {isa = PBXBuildFile; fileRef = 88BB5BD41A935E7200385C04 /* achb.png */; };
		88BB5BDB1A935E7200385C04 /* achg.png in Resources */ = {isa = PBXBuildFile; fileRef = 88BB5BD51A935E7200385C04 /* achg.png */; };
		88BB5BDC1A935E7200385C04 /* gamb.png in Resources */ = {isa = PBXBuildFile; fileRef = 88BB5BD61A935E7200385C04 /* gamb.png */; };
		88BB5BDD1A935E7200385C04 /* gamg.png in Resources */ = {isa = PBXBuildFile; fileRef = 88BB5BD71A935E7200385C04 /* gamg.png */; };
		88BB5BDE1A935E7200385C04 /* phob.png in Resources */ = {isa = PBXBuildFile; fileRef = 88BB5BD81A935E7200385C04 /* phob.png */; };
		88BB5BDF1A935E7200385C04 /* phog.png in Resources */ = {isa = PBXBuildFile; fileRef = 88BB5BD91A935E7200385C04 /* phog.png */; };
		88BB5BE21A94981500385C04 /* ProfileImageItemCell.m in Sources */ = {isa = PBXBuildFile; fileRef = 88BB5BE11A94981500385C04 /* ProfileImageItemCell.m */; };
		88BB5BE51A94AD7000385C04 /* SelectFriendView.m in Sources */ = {isa = PBXBuildFile; fileRef = 88BB5BE41A94AD7000385C04 /* SelectFriendView.m */; };
		88CA96E11AB30EB7008B72BE /* GuessGiveupViewController.m in Sources */ = {isa = PBXBuildFile; fileRef = 88CA96E01AB30EB7008B72BE /* GuessGiveupViewController.m */; };
		88D969471A971F4B007EE2E3 /* monkeywords.png in Resources */ = {isa = PBXBuildFile; fileRef = 88D969461A971F4B007EE2E3 /* monkeywords.png */; };
		88D969491A97208E007EE2E3 /* refresh.png in Resources */ = {isa = PBXBuildFile; fileRef = 88D969481A97208E007EE2E3 /* refresh.png */; };
		88D9694B1A9720DC007EE2E3 /* refreshbox.png in Resources */ = {isa = PBXBuildFile; fileRef = 88D9694A1A9720DC007EE2E3 /* refreshbox.png */; };
		88D9694E1A97235E007EE2E3 /* SelectWordView.m in Sources */ = {isa = PBXBuildFile; fileRef = 88D9694D1A97235E007EE2E3 /* SelectWordView.m */; };
		88D969511A974F9D007EE2E3 /* HintVIewController.m in Sources */ = {isa = PBXBuildFile; fileRef = 88D969501A974F9D007EE2E3 /* HintVIewController.m */; };
		88D969531A97508A007EE2E3 /* ok.png in Resources */ = {isa = PBXBuildFile; fileRef = 88D969521A97508A007EE2E3 /* ok.png */; };
		88D969551A976228007EE2E3 /* test.jpg in Resources */ = {isa = PBXBuildFile; fileRef = 88D969541A976228007EE2E3 /* test.jpg */; };
		88D969581A9763B9007EE2E3 /* FinishPopupViewController.m in Sources */ = {isa = PBXBuildFile; fileRef = 88D969571A9763B9007EE2E3 /* FinishPopupViewController.m */; };
		88FEF90B1AB1CCCE001F1116 /* GiveUpPopupVIewController.m in Sources */ = {isa = PBXBuildFile; fileRef = 88FEF90A1AB1CCCE001F1116 /* GiveUpPopupVIewController.m */; };
/* End PBXBuildFile section */

/* Begin PBXContainerItemProxy section */
		883BA7D71A7FA28B00B0DDA1 /* PBXContainerItemProxy */ = {
			isa = PBXContainerItemProxy;
			containerPortal = 883BA7B51A7FA28A00B0DDA1 /* Project object */;
			proxyType = 1;
			remoteGlobalIDString = 883BA7BC1A7FA28A00B0DDA1;
			remoteInfo = MonkeyMe;
		};
/* End PBXContainerItemProxy section */

/* Begin PBXFileReference section */
		883BA7BD1A7FA28A00B0DDA1 /* MonkeyMe.app */ = {isa = PBXFileReference; explicitFileType = wrapper.application; includeInIndex = 0; path = MonkeyMe.app; sourceTree = BUILT_PRODUCTS_DIR; };
		883BA7C11A7FA28A00B0DDA1 /* Info.plist */ = {isa = PBXFileReference; lastKnownFileType = text.plist.xml; path = Info.plist; sourceTree = "<group>"; };
		883BA7C21A7FA28A00B0DDA1 /* main.m */ = {isa = PBXFileReference; lastKnownFileType = sourcecode.c.objc; path = main.m; sourceTree = "<group>"; };
		883BA7C41A7FA28A00B0DDA1 /* AppDelegate.h */ = {isa = PBXFileReference; lastKnownFileType = sourcecode.c.h; path = AppDelegate.h; sourceTree = "<group>"; };
		883BA7C51A7FA28A00B0DDA1 /* AppDelegate.m */ = {isa = PBXFileReference; lastKnownFileType = sourcecode.c.objc; path = AppDelegate.m; sourceTree = "<group>"; };
		883BA7CB1A7FA28A00B0DDA1 /* Base */ = {isa = PBXFileReference; lastKnownFileType = file.storyboard; name = Base; path = Base.lproj/Main.storyboard; sourceTree = "<group>"; };
		883BA7CD1A7FA28A00B0DDA1 /* Images.xcassets */ = {isa = PBXFileReference; lastKnownFileType = folder.assetcatalog; path = Images.xcassets; sourceTree = "<group>"; };
		883BA7D01A7FA28A00B0DDA1 /* Base */ = {isa = PBXFileReference; lastKnownFileType = file.xib; name = Base; path = Base.lproj/LaunchScreen.xib; sourceTree = "<group>"; };
		883BA7D61A7FA28B00B0DDA1 /* MonkeyMeTests.xctest */ = {isa = PBXFileReference; explicitFileType = wrapper.cfbundle; includeInIndex = 0; path = MonkeyMeTests.xctest; sourceTree = BUILT_PRODUCTS_DIR; };
		883BA7DB1A7FA28B00B0DDA1 /* Info.plist */ = {isa = PBXFileReference; lastKnownFileType = text.plist.xml; path = Info.plist; sourceTree = "<group>"; };
		883BA7DC1A7FA28B00B0DDA1 /* MonkeyMeTests.m */ = {isa = PBXFileReference; lastKnownFileType = sourcecode.c.objc; path = MonkeyMeTests.m; sourceTree = "<group>"; };
		883BA7E61A7FA2EB00B0DDA1 /* background.jpg */ = {isa = PBXFileReference; lastKnownFileType = image.jpeg; path = background.jpg; sourceTree = "<group>"; };
		883BA7E71A7FA2EB00B0DDA1 /* cancel_ic.png */ = {isa = PBXFileReference; lastKnownFileType = image.png; path = cancel_ic.png; sourceTree = "<group>"; };
		883BA7E81A7FA2EB00B0DDA1 /* pinkLine.png */ = {isa = PBXFileReference; lastKnownFileType = image.png; path = pinkLine.png; sourceTree = "<group>"; };
		883BA7E91A7FA2EB00B0DDA1 /* signup_1_ic.png */ = {isa = PBXFileReference; lastKnownFileType = image.png; path = signup_1_ic.png; sourceTree = "<group>"; };
		883BA7EA1A7FA2EB00B0DDA1 /* signup_e_ic.png */ = {isa = PBXFileReference; lastKnownFileType = image.png; path = signup_e_ic.png; sourceTree = "<group>"; };
		883BA7F11A7FA3C100B0DDA1 /* JoinPopupViewController.h */ = {isa = PBXFileReference; fileEncoding = 4; lastKnownFileType = sourcecode.c.h; path = JoinPopupViewController.h; sourceTree = "<group>"; };
		883BA7F21A7FA3C100B0DDA1 /* JoinPopupViewController.m */ = {isa = PBXFileReference; fileEncoding = 4; lastKnownFileType = sourcecode.c.objc; path = JoinPopupViewController.m; sourceTree = "<group>"; };
		883BA7F31A7FA3C100B0DDA1 /* LoginPopupViewController.h */ = {isa = PBXFileReference; fileEncoding = 4; lastKnownFileType = sourcecode.c.h; path = LoginPopupViewController.h; sourceTree = "<group>"; };
		883BA7F41A7FA3C100B0DDA1 /* LoginPopupViewController.m */ = {isa = PBXFileReference; fileEncoding = 4; lastKnownFileType = sourcecode.c.objc; path = LoginPopupViewController.m; sourceTree = "<group>"; };
		883BA7F51A7FA3C100B0DDA1 /* NetworkController.h */ = {isa = PBXFileReference; fileEncoding = 4; lastKnownFileType = sourcecode.c.h; path = NetworkController.h; sourceTree = "<group>"; };
		883BA7F61A7FA3C100B0DDA1 /* NetworkController.m */ = {isa = PBXFileReference; fileEncoding = 4; lastKnownFileType = sourcecode.c.objc; path = NetworkController.m; sourceTree = "<group>"; };
		883BA7F71A7FA3C100B0DDA1 /* RootViewController.h */ = {isa = PBXFileReference; fileEncoding = 4; lastKnownFileType = sourcecode.c.h; path = RootViewController.h; sourceTree = "<group>"; };
		883BA7F81A7FA3C100B0DDA1 /* RootViewController.m */ = {isa = PBXFileReference; fileEncoding = 4; lastKnownFileType = sourcecode.c.objc; path = RootViewController.m; sourceTree = "<group>"; };
		883BA7FA1A7FA3C200B0DDA1 /* SVIndefiniteAnimatedView.h */ = {isa = PBXFileReference; fileEncoding = 4; lastKnownFileType = sourcecode.c.h; path = SVIndefiniteAnimatedView.h; sourceTree = "<group>"; };
		883BA7FB1A7FA3C200B0DDA1 /* SVIndefiniteAnimatedView.m */ = {isa = PBXFileReference; fileEncoding = 4; lastKnownFileType = sourcecode.c.objc; path = SVIndefiniteAnimatedView.m; sourceTree = "<group>"; };
		883BA7FC1A7FA3C200B0DDA1 /* SVProgressHUD-Prefix.pch */ = {isa = PBXFileReference; fileEncoding = 4; lastKnownFileType = sourcecode.c.h; path = "SVProgressHUD-Prefix.pch"; sourceTree = "<group>"; };
		883BA7FD1A7FA3C200B0DDA1 /* SVProgressHUD.bundle */ = {isa = PBXFileReference; lastKnownFileType = "wrapper.plug-in"; path = SVProgressHUD.bundle; sourceTree = "<group>"; };
		883BA7FE1A7FA3C200B0DDA1 /* SVProgressHUD.h */ = {isa = PBXFileReference; fileEncoding = 4; lastKnownFileType = sourcecode.c.h; path = SVProgressHUD.h; sourceTree = "<group>"; };
		883BA7FF1A7FA3C200B0DDA1 /* SVProgressHUD.m */ = {isa = PBXFileReference; fileEncoding = 4; lastKnownFileType = sourcecode.c.objc; path = SVProgressHUD.m; sourceTree = "<group>"; };
		883BA8011A7FA3C200B0DDA1 /* WYPopoverController.h */ = {isa = PBXFileReference; fileEncoding = 4; lastKnownFileType = sourcecode.c.h; path = WYPopoverController.h; sourceTree = "<group>"; };
		883BA8021A7FA3C200B0DDA1 /* WYPopoverController.m */ = {isa = PBXFileReference; fileEncoding = 4; lastKnownFileType = sourcecode.c.objc; path = WYPopoverController.m; sourceTree = "<group>"; };
		883BA8031A7FA3C200B0DDA1 /* WYStoryboardPopoverSegue.h */ = {isa = PBXFileReference; fileEncoding = 4; lastKnownFileType = sourcecode.c.h; path = WYStoryboardPopoverSegue.h; sourceTree = "<group>"; };
		883BA8041A7FA3C200B0DDA1 /* WYStoryboardPopoverSegue.m */ = {isa = PBXFileReference; fileEncoding = 4; lastKnownFileType = sourcecode.c.objc; path = WYStoryboardPopoverSegue.m; sourceTree = "<group>"; };
		883BA80E1A7FA3E700B0DDA1 /* LoginViewController.h */ = {isa = PBXFileReference; fileEncoding = 4; lastKnownFileType = sourcecode.c.h; path = LoginViewController.h; sourceTree = "<group>"; };
		883BA80F1A7FA3E700B0DDA1 /* LoginViewController.m */ = {isa = PBXFileReference; fileEncoding = 4; lastKnownFileType = sourcecode.c.objc; path = LoginViewController.m; sourceTree = "<group>"; };
		883BA8111A7FA4EA00B0DDA1 /* eg_launch_up.jpg */ = {isa = PBXFileReference; lastKnownFileType = image.jpeg; path = eg_launch_up.jpg; sourceTree = "<group>"; };
		883BA8121A7FA4EA00B0DDA1 /* eg_launch.png */ = {isa = PBXFileReference; lastKnownFileType = image.png; path = eg_launch.png; sourceTree = "<group>"; };
		8862FF411A9F2EB200A1E7A9 /* EditProfileViewController.h */ = {isa = PBXFileReference; fileEncoding = 4; lastKnownFileType = sourcecode.c.h; path = EditProfileViewController.h; sourceTree = "<group>"; };
		8862FF421A9F2EB200A1E7A9 /* EditProfileViewController.m */ = {isa = PBXFileReference; fileEncoding = 4; lastKnownFileType = sourcecode.c.objc; path = EditProfileViewController.m; sourceTree = "<group>"; };
		8862FF441A9F2EC100A1E7A9 /* EditPhotoViewController.h */ = {isa = PBXFileReference; fileEncoding = 4; lastKnownFileType = sourcecode.c.h; path = EditPhotoViewController.h; sourceTree = "<group>"; };
		8862FF451A9F2EC100A1E7A9 /* EditPhotoViewController.m */ = {isa = PBXFileReference; fileEncoding = 4; lastKnownFileType = sourcecode.c.objc; path = EditPhotoViewController.m; sourceTree = "<group>"; };
		8862FF471A9F379000A1E7A9 /* phoedic.png */ = {isa = PBXFileReference; lastKnownFileType = image.png; path = phoedic.png; sourceTree = "<group>"; };
		8862FF491A9F37B600A1E7A9 /* SharePopupViewController.h */ = {isa = PBXFileReference; fileEncoding = 4; lastKnownFileType = sourcecode.c.h; path = SharePopupViewController.h; sourceTree = "<group>"; };
		8862FF4A1A9F37B600A1E7A9 /* SharePopupViewController.m */ = {isa = PBXFileReference; fileEncoding = 4; lastKnownFileType = sourcecode.c.objc; path = SharePopupViewController.m; sourceTree = "<group>"; };
		8862FF4C1A9F517200A1E7A9 /* share.png */ = {isa = PBXFileReference; lastKnownFileType = image.png; path = share.png; sourceTree = "<group>"; };
		8862FF4E1A9F53B400A1E7A9 /* mleaf.png */ = {isa = PBXFileReference; lastKnownFileType = image.png; path = mleaf.png; sourceTree = "<group>"; };
		887F2F721A9B60FF005E2F4F /* mleafbutton.png */ = {isa = PBXFileReference; lastKnownFileType = image.png; path = mleafbutton.png; sourceTree = "<group>"; };
		887F2F741A9B657A005E2F4F /* GuessViewController.h */ = {isa = PBXFileReference; fileEncoding = 4; lastKnownFileType = sourcecode.c.h; path = GuessViewController.h; sourceTree = "<group>"; };
		887F2F751A9B657A005E2F4F /* GuessViewController.m */ = {isa = PBXFileReference; fileEncoding = 4; lastKnownFileType = sourcecode.c.objc; path = GuessViewController.m; sourceTree = "<group>"; };
		888043861A9E1D910092C7AC /* GuessRightViewController.h */ = {isa = PBXFileReference; fileEncoding = 4; lastKnownFileType = sourcecode.c.h; path = GuessRightViewController.h; sourceTree = "<group>"; };
		888043871A9E1D910092C7AC /* GuessRightViewController.m */ = {isa = PBXFileReference; fileEncoding = 4; lastKnownFileType = sourcecode.c.objc; path = GuessRightViewController.m; sourceTree = "<group>"; };
		889789D31A88BE1F00B2B8A6 /* profbox.png */ = {isa = PBXFileReference; lastKnownFileType = image.png; path = profbox.png; sourceTree = "<group>"; };
		889CD0B81A85EFEF00580FB6 /* banana.png */ = {isa = PBXFileReference; lastKnownFileType = image.png; path = banana.png; sourceTree = "<group>"; };
		889CD0B91A85EFEF00580FB6 /* energy.png */ = {isa = PBXFileReference; lastKnownFileType = image.png; path = energy.png; sourceTree = "<group>"; };
		889CD0BA1A85EFEF00580FB6 /* friendslist.png */ = {isa = PBXFileReference; lastKnownFileType = image.png; path = friendslist.png; sourceTree = "<group>"; };
		889CD0BB1A85EFEF00580FB6 /* gomonkey.png */ = {isa = PBXFileReference; lastKnownFileType = image.png; path = gomonkey.png; sourceTree = "<group>"; };
		889CD0BC1A85EFEF00580FB6 /* goprof.png */ = {isa = PBXFileReference; lastKnownFileType = image.png; path = goprof.png; sourceTree = "<group>"; };
		889CD0BD1A85EFEF00580FB6 /* indexline.png */ = {isa = PBXFileReference; lastKnownFileType = image.png; path = indexline.png; sourceTree = "<group>"; };
		889CD0BE1A85EFEF00580FB6 /* levc.png */ = {isa = PBXFileReference; lastKnownFileType = image.png; path = levc.png; sourceTree = "<group>"; };
		889CD0BF1A85EFEF00580FB6 /* menu.png */ = {isa = PBXFileReference; lastKnownFileType = image.png; path = menu.png; sourceTree = "<group>"; };
		889CD0C01A85EFEF00580FB6 /* myturn.png */ = {isa = PBXFileReference; lastKnownFileType = image.png; path = myturn.png; sourceTree = "<group>"; };
		889CD0C11A85EFEF00580FB6 /* puzzlemode.png */ = {isa = PBXFileReference; lastKnownFileType = image.png; path = puzzlemode.png; sourceTree = "<group>"; };
		889CD0C21A85EFEF00580FB6 /* shop.png */ = {isa = PBXFileReference; lastKnownFileType = image.png; path = shop.png; sourceTree = "<group>"; };
		889CD0C31A85EFEF00580FB6 /* theirturn.png */ = {isa = PBXFileReference; lastKnownFileType = image.png; path = theirturn.png; sourceTree = "<group>"; };
		889CD0D31A861E4300580FB6 /* SlideNavigationContorllerAnimator.h */ = {isa = PBXFileReference; fileEncoding = 4; lastKnownFileType = sourcecode.c.h; path = SlideNavigationContorllerAnimator.h; sourceTree = "<group>"; };
		889CD0D41A861E4300580FB6 /* SlideNavigationContorllerAnimatorFade.h */ = {isa = PBXFileReference; fileEncoding = 4; lastKnownFileType = sourcecode.c.h; path = SlideNavigationContorllerAnimatorFade.h; sourceTree = "<group>"; };
		889CD0D51A861E4300580FB6 /* SlideNavigationContorllerAnimatorFade.m */ = {isa = PBXFileReference; fileEncoding = 4; lastKnownFileType = sourcecode.c.objc; path = SlideNavigationContorllerAnimatorFade.m; sourceTree = "<group>"; };
		889CD0D61A861E4300580FB6 /* SlideNavigationContorllerAnimatorScale.h */ = {isa = PBXFileReference; fileEncoding = 4; lastKnownFileType = sourcecode.c.h; path = SlideNavigationContorllerAnimatorScale.h; sourceTree = "<group>"; };
		889CD0D71A861E4300580FB6 /* SlideNavigationContorllerAnimatorScale.m */ = {isa = PBXFileReference; fileEncoding = 4; lastKnownFileType = sourcecode.c.objc; path = SlideNavigationContorllerAnimatorScale.m; sourceTree = "<group>"; };
		889CD0D81A861E4300580FB6 /* SlideNavigationContorllerAnimatorScaleAndFade.h */ = {isa = PBXFileReference; fileEncoding = 4; lastKnownFileType = sourcecode.c.h; path = SlideNavigationContorllerAnimatorScaleAndFade.h; sourceTree = "<group>"; };
		889CD0D91A861E4300580FB6 /* SlideNavigationContorllerAnimatorScaleAndFade.m */ = {isa = PBXFileReference; fileEncoding = 4; lastKnownFileType = sourcecode.c.objc; path = SlideNavigationContorllerAnimatorScaleAndFade.m; sourceTree = "<group>"; };
		889CD0DA1A861E4300580FB6 /* SlideNavigationContorllerAnimatorSlide.h */ = {isa = PBXFileReference; fileEncoding = 4; lastKnownFileType = sourcecode.c.h; path = SlideNavigationContorllerAnimatorSlide.h; sourceTree = "<group>"; };
		889CD0DB1A861E4300580FB6 /* SlideNavigationContorllerAnimatorSlide.m */ = {isa = PBXFileReference; fileEncoding = 4; lastKnownFileType = sourcecode.c.objc; path = SlideNavigationContorllerAnimatorSlide.m; sourceTree = "<group>"; };
		889CD0DC1A861E4300580FB6 /* SlideNavigationContorllerAnimatorSlideAndFade.h */ = {isa = PBXFileReference; fileEncoding = 4; lastKnownFileType = sourcecode.c.h; path = SlideNavigationContorllerAnimatorSlideAndFade.h; sourceTree = "<group>"; };
		889CD0DD1A861E4300580FB6 /* SlideNavigationContorllerAnimatorSlideAndFade.m */ = {isa = PBXFileReference; fileEncoding = 4; lastKnownFileType = sourcecode.c.objc; path = SlideNavigationContorllerAnimatorSlideAndFade.m; sourceTree = "<group>"; };
		889CD0DF1A861E4300580FB6 /* menu-button.png */ = {isa = PBXFileReference; lastKnownFileType = image.png; path = "menu-button.png"; sourceTree = "<group>"; };
		889CD0E01A861E4300580FB6 /* menu-button@2x.png */ = {isa = PBXFileReference; lastKnownFileType = image.png; path = "menu-button@2x.png"; sourceTree = "<group>"; };
		889CD0E11A861E4300580FB6 /* SlideNavigationController.h */ = {isa = PBXFileReference; fileEncoding = 4; lastKnownFileType = sourcecode.c.h; path = SlideNavigationController.h; sourceTree = "<group>"; };
		889CD0E21A861E4300580FB6 /* SlideNavigationController.m */ = {isa = PBXFileReference; fileEncoding = 4; lastKnownFileType = sourcecode.c.objc; path = SlideNavigationController.m; sourceTree = "<group>"; };
		889CD0F11A86204000580FB6 /* gear.png */ = {isa = PBXFileReference; lastKnownFileType = image.png; path = gear.png; sourceTree = "<group>"; };
		889CD0F21A86204000580FB6 /* rightMenu.jpg */ = {isa = PBXFileReference; lastKnownFileType = image.jpeg; path = rightMenu.jpg; sourceTree = "<group>"; };
		889CD0F31A86204000580FB6 /* leftMenu.jpg */ = {isa = PBXFileReference; lastKnownFileType = image.jpeg; path = leftMenu.jpg; sourceTree = "<group>"; };
		889CD0F41A86204000580FB6 /* animation.png */ = {isa = PBXFileReference; lastKnownFileType = image.png; path = animation.png; sourceTree = "<group>"; };
		889CD0F91A8624A800580FB6 /* MainViewController.h */ = {isa = PBXFileReference; fileEncoding = 4; lastKnownFileType = sourcecode.c.h; path = MainViewController.h; sourceTree = "<group>"; };
		889CD0FA1A8624A800580FB6 /* MainViewController.m */ = {isa = PBXFileReference; fileEncoding = 4; lastKnownFileType = sourcecode.c.objc; path = MainViewController.m; sourceTree = "<group>"; };
		889CD0FC1A86345600580FB6 /* LeftViewController.h */ = {isa = PBXFileReference; fileEncoding = 4; lastKnownFileType = sourcecode.c.h; path = LeftViewController.h; sourceTree = "<group>"; };
		889CD0FD1A86345600580FB6 /* LeftViewController.m */ = {isa = PBXFileReference; fileEncoding = 4; lastKnownFileType = sourcecode.c.objc; path = LeftViewController.m; sourceTree = "<group>"; };
		889CD0FF1A86346200580FB6 /* RightViewController.h */ = {isa = PBXFileReference; fileEncoding = 4; lastKnownFileType = sourcecode.c.h; path = RightViewController.h; sourceTree = "<group>"; };
		889CD1001A86346200580FB6 /* RightViewController.m */ = {isa = PBXFileReference; fileEncoding = 4; lastKnownFileType = sourcecode.c.objc; path = RightViewController.m; sourceTree = "<group>"; };
		889CD1021A8641D900580FB6 /* QuartzCore.framework */ = {isa = PBXFileReference; lastKnownFileType = wrapper.framework; name = QuartzCore.framework; path = System/Library/Frameworks/QuartzCore.framework; sourceTree = SDKROOT; };
		889CD1041A8641E400580FB6 /* UIKit.framework */ = {isa = PBXFileReference; lastKnownFileType = wrapper.framework; name = UIKit.framework; path = System/Library/Frameworks/UIKit.framework; sourceTree = SDKROOT; };
		889CD1061A8641F400580FB6 /* Foundation.framework */ = {isa = PBXFileReference; lastKnownFileType = wrapper.framework; name = Foundation.framework; path = System/Library/Frameworks/Foundation.framework; sourceTree = SDKROOT; };
		889CD1081A8641FB00580FB6 /* CoreGraphics.framework */ = {isa = PBXFileReference; lastKnownFileType = wrapper.framework; name = CoreGraphics.framework; path = System/Library/Frameworks/CoreGraphics.framework; sourceTree = SDKROOT; };
		88A68FE11A8A0DDD00DBA3CE /* MainTableViewCell.h */ = {isa = PBXFileReference; fileEncoding = 4; lastKnownFileType = sourcecode.c.h; path = MainTableViewCell.h; sourceTree = "<group>"; };
		88A68FE21A8A0DDD00DBA3CE /* MainTableViewCell.m */ = {isa = PBXFileReference; fileEncoding = 4; lastKnownFileType = sourcecode.c.objc; path = MainTableViewCell.m; sourceTree = "<group>"; };
		88A68FE51A8A14B400DBA3CE /* yong.jpg */ = {isa = PBXFileReference; lastKnownFileType = image.jpeg; path = yong.jpg; sourceTree = "<group>"; };
		88A68FE61A8A14B400DBA3CE /* chole.jpg */ = {isa = PBXFileReference; lastKnownFileType = image.jpeg; path = chole.jpg; sourceTree = "<group>"; };
		88A68FE71A8A14B400DBA3CE /* medic.jpg */ = {isa = PBXFileReference; lastKnownFileType = image.jpeg; path = medic.jpg; sourceTree = "<group>"; };
		88A68FE81A8A14B400DBA3CE /* ky.png */ = {isa = PBXFileReference; lastKnownFileType = image.png; path = ky.png; sourceTree = "<group>"; };
		88B656CC1A8E0A7000F73DB4 /* achieve.png */ = {isa = PBXFileReference; lastKnownFileType = image.png; path = achieve.png; sourceTree = "<group>"; };
		88B656CD1A8E0A7000F73DB4 /* help.png */ = {isa = PBXFileReference; lastKnownFileType = image.png; path = help.png; sourceTree = "<group>"; };
		88B656CE1A8E0A7000F73DB4 /* inbox.png */ = {isa = PBXFileReference; lastKnownFileType = image.png; path = inbox.png; sourceTree = "<group>"; };
		88B656CF1A8E0A7000F73DB4 /* ranking.png */ = {isa = PBXFileReference; lastKnownFileType = image.png; path = ranking.png; sourceTree = "<group>"; };
		88B656D01A8E0A7000F73DB4 /* settings.png */ = {isa = PBXFileReference; lastKnownFileType = image.png; path = settings.png; sourceTree = "<group>"; };
		88B656D11A8E0A7000F73DB4 /* word.png */ = {isa = PBXFileReference; lastKnownFileType = image.png; path = word.png; sourceTree = "<group>"; };
		88BB5BB41A91F16800385C04 /* ProfileViewController.h */ = {isa = PBXFileReference; fileEncoding = 4; lastKnownFileType = sourcecode.c.h; path = ProfileViewController.h; sourceTree = "<group>"; };
		88BB5BB51A91F16800385C04 /* ProfileViewController.m */ = {isa = PBXFileReference; fileEncoding = 4; lastKnownFileType = sourcecode.c.objc; path = ProfileViewController.m; sourceTree = "<group>"; };
		88BB5BB71A91F81500385C04 /* back.png */ = {isa = PBXFileReference; lastKnownFileType = image.png; path = back.png; sourceTree = "<group>"; };
		88BB5BB91A91F86300385C04 /* back_top.png */ = {isa = PBXFileReference; lastKnownFileType = image.png; path = back_top.png; sourceTree = "<group>"; };
		88BB5BBB1A9209DD00385C04 /* selected.png */ = {isa = PBXFileReference; lastKnownFileType = image.png; path = selected.png; sourceTree = "<group>"; };
		88BB5BC61A92117C00385C04 /* private.png */ = {isa = PBXFileReference; lastKnownFileType = image.png; path = private.png; sourceTree = "<group>"; };
		88BB5BCB1A922EDD00385C04 /* PhotoViewController.h */ = {isa = PBXFileReference; fileEncoding = 4; lastKnownFileType = sourcecode.c.h; path = PhotoViewController.h; sourceTree = "<group>"; };
		88BB5BCC1A922EDD00385C04 /* PhotoViewController.m */ = {isa = PBXFileReference; fileEncoding = 4; lastKnownFileType = sourcecode.c.objc; path = PhotoViewController.m; sourceTree = "<group>"; };
		88BB5BCE1A922EF000385C04 /* GameViewController.h */ = {isa = PBXFileReference; fileEncoding = 4; lastKnownFileType = sourcecode.c.h; name = GameViewController.h; path = ../GameViewController.h; sourceTree = "<group>"; };
		88BB5BCF1A922EF000385C04 /* GameViewController.m */ = {isa = PBXFileReference; fileEncoding = 4; lastKnownFileType = sourcecode.c.objc; name = GameViewController.m; path = ../GameViewController.m; sourceTree = "<group>"; };
		88BB5BD11A923DF400385C04 /* AchieveViewController.h */ = {isa = PBXFileReference; fileEncoding = 4; lastKnownFileType = sourcecode.c.h; path = AchieveViewController.h; sourceTree = "<group>"; };
		88BB5BD21A923DF400385C04 /* AchieveViewController.m */ = {isa = PBXFileReference; fileEncoding = 4; lastKnownFileType = sourcecode.c.objc; path = AchieveViewController.m; sourceTree = "<group>"; };
		88BB5BD41A935E7200385C04 /* achb.png */ = {isa = PBXFileReference; lastKnownFileType = image.png; path = achb.png; sourceTree = "<group>"; };
		88BB5BD51A935E7200385C04 /* achg.png */ = {isa = PBXFileReference; lastKnownFileType = image.png; path = achg.png; sourceTree = "<group>"; };
		88BB5BD61A935E7200385C04 /* gamb.png */ = {isa = PBXFileReference; lastKnownFileType = image.png; path = gamb.png; sourceTree = "<group>"; };
		88BB5BD71A935E7200385C04 /* gamg.png */ = {isa = PBXFileReference; lastKnownFileType = image.png; path = gamg.png; sourceTree = "<group>"; };
		88BB5BD81A935E7200385C04 /* phob.png */ = {isa = PBXFileReference; lastKnownFileType = image.png; path = phob.png; sourceTree = "<group>"; };
		88BB5BD91A935E7200385C04 /* phog.png */ = {isa = PBXFileReference; lastKnownFileType = image.png; path = phog.png; sourceTree = "<group>"; };
		88BB5BE01A94981500385C04 /* ProfileImageItemCell.h */ = {isa = PBXFileReference; fileEncoding = 4; lastKnownFileType = sourcecode.c.h; path = ProfileImageItemCell.h; sourceTree = "<group>"; };
		88BB5BE11A94981500385C04 /* ProfileImageItemCell.m */ = {isa = PBXFileReference; fileEncoding = 4; lastKnownFileType = sourcecode.c.objc; path = ProfileImageItemCell.m; sourceTree = "<group>"; };
		88BB5BE31A94AD7000385C04 /* SelectFriendView.h */ = {isa = PBXFileReference; fileEncoding = 4; lastKnownFileType = sourcecode.c.h; path = SelectFriendView.h; sourceTree = "<group>"; };
		88BB5BE41A94AD7000385C04 /* SelectFriendView.m */ = {isa = PBXFileReference; fileEncoding = 4; lastKnownFileType = sourcecode.c.objc; path = SelectFriendView.m; sourceTree = "<group>"; };
		88CA96DF1AB30EB7008B72BE /* GuessGiveupViewController.h */ = {isa = PBXFileReference; fileEncoding = 4; lastKnownFileType = sourcecode.c.h; path = GuessGiveupViewController.h; sourceTree = "<group>"; };
		88CA96E01AB30EB7008B72BE /* GuessGiveupViewController.m */ = {isa = PBXFileReference; fileEncoding = 4; lastKnownFileType = sourcecode.c.objc; path = GuessGiveupViewController.m; sourceTree = "<group>"; };
		88D969461A971F4B007EE2E3 /* monkeywords.png */ = {isa = PBXFileReference; lastKnownFileType = image.png; path = monkeywords.png; sourceTree = "<group>"; };
		88D969481A97208E007EE2E3 /* refresh.png */ = {isa = PBXFileReference; lastKnownFileType = image.png; path = refresh.png; sourceTree = "<group>"; };
		88D9694A1A9720DC007EE2E3 /* refreshbox.png */ = {isa = PBXFileReference; lastKnownFileType = image.png; path = refreshbox.png; sourceTree = "<group>"; };
		88D9694C1A97235E007EE2E3 /* SelectWordView.h */ = {isa = PBXFileReference; fileEncoding = 4; lastKnownFileType = sourcecode.c.h; path = SelectWordView.h; sourceTree = "<group>"; };
		88D9694D1A97235E007EE2E3 /* SelectWordView.m */ = {isa = PBXFileReference; fileEncoding = 4; lastKnownFileType = sourcecode.c.objc; path = SelectWordView.m; sourceTree = "<group>"; };
		88D9694F1A974F9D007EE2E3 /* HintVIewController.h */ = {isa = PBXFileReference; fileEncoding = 4; lastKnownFileType = sourcecode.c.h; path = HintVIewController.h; sourceTree = "<group>"; };
		88D969501A974F9D007EE2E3 /* HintVIewController.m */ = {isa = PBXFileReference; fileEncoding = 4; lastKnownFileType = sourcecode.c.objc; path = HintVIewController.m; sourceTree = "<group>"; };
		88D969521A97508A007EE2E3 /* ok.png */ = {isa = PBXFileReference; lastKnownFileType = image.png; path = ok.png; sourceTree = "<group>"; };
		88D969541A976228007EE2E3 /* test.jpg */ = {isa = PBXFileReference; lastKnownFileType = image.jpeg; path = test.jpg; sourceTree = "<group>"; };
		88D969561A9763B9007EE2E3 /* FinishPopupViewController.h */ = {isa = PBXFileReference; fileEncoding = 4; lastKnownFileType = sourcecode.c.h; path = FinishPopupViewController.h; sourceTree = "<group>"; };
		88D969571A9763B9007EE2E3 /* FinishPopupViewController.m */ = {isa = PBXFileReference; fileEncoding = 4; lastKnownFileType = sourcecode.c.objc; path = FinishPopupViewController.m; sourceTree = "<group>"; };
		88FEF9091AB1CCCE001F1116 /* GiveUpPopupVIewController.h */ = {isa = PBXFileReference; fileEncoding = 4; lastKnownFileType = sourcecode.c.h; path = GiveUpPopupVIewController.h; sourceTree = "<group>"; };
		88FEF90A1AB1CCCE001F1116 /* GiveUpPopupVIewController.m */ = {isa = PBXFileReference; fileEncoding = 4; lastKnownFileType = sourcecode.c.objc; path = GiveUpPopupVIewController.m; sourceTree = "<group>"; };
/* End PBXFileReference section */

/* Begin PBXFrameworksBuildPhase section */
		883BA7BA1A7FA28A00B0DDA1 /* Frameworks */ = {
			isa = PBXFrameworksBuildPhase;
			buildActionMask = 2147483647;
			files = (
				889CD1091A8641FB00580FB6 /* CoreGraphics.framework in Frameworks */,
				889CD1071A8641F400580FB6 /* Foundation.framework in Frameworks */,
				889CD1051A8641E400580FB6 /* UIKit.framework in Frameworks */,
				889CD1031A8641D900580FB6 /* QuartzCore.framework in Frameworks */,
			);
			runOnlyForDeploymentPostprocessing = 0;
		};
		883BA7D31A7FA28B00B0DDA1 /* Frameworks */ = {
			isa = PBXFrameworksBuildPhase;
			buildActionMask = 2147483647;
			files = (
			);
			runOnlyForDeploymentPostprocessing = 0;
		};
/* End PBXFrameworksBuildPhase section */

/* Begin PBXGroup section */
		883BA7B41A7FA28A00B0DDA1 = {
			isa = PBXGroup;
			children = (
				889CD10A1A86420500580FB6 /* Frameworks */,
				883BA7F01A7FA2F100B0DDA1 /* UI */,
				883BA7BF1A7FA28A00B0DDA1 /* MonkeyMe */,
				883BA7D91A7FA28B00B0DDA1 /* MonkeyMeTests */,
				883BA7BE1A7FA28A00B0DDA1 /* Products */,
			);
			sourceTree = "<group>";
		};
		883BA7BE1A7FA28A00B0DDA1 /* Products */ = {
			isa = PBXGroup;
			children = (
				883BA7BD1A7FA28A00B0DDA1 /* MonkeyMe.app */,
				883BA7D61A7FA28B00B0DDA1 /* MonkeyMeTests.xctest */,
			);
			name = Products;
			sourceTree = "<group>";
		};
		883BA7BF1A7FA28A00B0DDA1 /* MonkeyMe */ = {
			isa = PBXGroup;
			children = (
				889CD0D11A861E4300580FB6 /* SlideMenu */,
				883BA7F91A7FA3C100B0DDA1 /* SVProgressHUD */,
				883BA8001A7FA3C200B0DDA1 /* WYPopoverController */,
				883BA8151A7FA7CE00B0DDA1 /* MainViewControllers */,
				889CD0D01A86153200580FB6 /* SupportViewControllers */,
				883BA7F61A7FA3C100B0DDA1 /* NetworkController.m */,
				883BA7F51A7FA3C100B0DDA1 /* NetworkController.h */,
				883BA7C41A7FA28A00B0DDA1 /* AppDelegate.h */,
				883BA7C51A7FA28A00B0DDA1 /* AppDelegate.m */,
				883BA7CA1A7FA28A00B0DDA1 /* Main.storyboard */,
				883BA7CD1A7FA28A00B0DDA1 /* Images.xcassets */,
				883BA7CF1A7FA28A00B0DDA1 /* LaunchScreen.xib */,
				883BA7C01A7FA28A00B0DDA1 /* Supporting Files */,
			);
			path = MonkeyMe;
			sourceTree = "<group>";
		};
		883BA7C01A7FA28A00B0DDA1 /* Supporting Files */ = {
			isa = PBXGroup;
			children = (
				883BA7C11A7FA28A00B0DDA1 /* Info.plist */,
				883BA7C21A7FA28A00B0DDA1 /* main.m */,
			);
			name = "Supporting Files";
			sourceTree = "<group>";
		};
		883BA7D91A7FA28B00B0DDA1 /* MonkeyMeTests */ = {
			isa = PBXGroup;
			children = (
				883BA7DC1A7FA28B00B0DDA1 /* MonkeyMeTests.m */,
				883BA7DA1A7FA28B00B0DDA1 /* Supporting Files */,
			);
			path = MonkeyMeTests;
			sourceTree = "<group>";
		};
		883BA7DA1A7FA28B00B0DDA1 /* Supporting Files */ = {
			isa = PBXGroup;
			children = (
				883BA7DB1A7FA28B00B0DDA1 /* Info.plist */,
			);
			name = "Supporting Files";
			sourceTree = "<group>";
		};
		883BA7F01A7FA2F100B0DDA1 /* UI */ = {
			isa = PBXGroup;
			children = (
				8862FF4E1A9F53B400A1E7A9 /* mleaf.png */,
				8862FF4C1A9F517200A1E7A9 /* share.png */,
				8862FF471A9F379000A1E7A9 /* phoedic.png */,
				887F2F721A9B60FF005E2F4F /* mleafbutton.png */,
				88D969541A976228007EE2E3 /* test.jpg */,
				88D969521A97508A007EE2E3 /* ok.png */,
				88D9694A1A9720DC007EE2E3 /* refreshbox.png */,
				88D969481A97208E007EE2E3 /* refresh.png */,
				88D969461A971F4B007EE2E3 /* monkeywords.png */,
				88BB5BD41A935E7200385C04 /* achb.png */,
				88BB5BD51A935E7200385C04 /* achg.png */,
				88BB5BD61A935E7200385C04 /* gamb.png */,
				88BB5BD71A935E7200385C04 /* gamg.png */,
				88BB5BD81A935E7200385C04 /* phob.png */,
				88BB5BD91A935E7200385C04 /* phog.png */,
				88BB5BC61A92117C00385C04 /* private.png */,
				88BB5BBB1A9209DD00385C04 /* selected.png */,
				88BB5BB91A91F86300385C04 /* back_top.png */,
				88A68FE41A8A14AA00DBA3CE /* Test */,
				889CD0F11A86204000580FB6 /* gear.png */,
				88BB5BB71A91F81500385C04 /* back.png */,
				889CD0F21A86204000580FB6 /* rightMenu.jpg */,
				889CD0F31A86204000580FB6 /* leftMenu.jpg */,
				889CD0F41A86204000580FB6 /* animation.png */,
				889CD0B81A85EFEF00580FB6 /* banana.png */,
				889CD0B91A85EFEF00580FB6 /* energy.png */,
				889CD0BA1A85EFEF00580FB6 /* friendslist.png */,
				889CD0BB1A85EFEF00580FB6 /* gomonkey.png */,
				889CD0BC1A85EFEF00580FB6 /* goprof.png */,
				889CD0BD1A85EFEF00580FB6 /* indexline.png */,
				889CD0BE1A85EFEF00580FB6 /* levc.png */,
				889CD0BF1A85EFEF00580FB6 /* menu.png */,
				889CD0C01A85EFEF00580FB6 /* myturn.png */,
				889CD0C11A85EFEF00580FB6 /* puzzlemode.png */,
				88B656CC1A8E0A7000F73DB4 /* achieve.png */,
				88B656CD1A8E0A7000F73DB4 /* help.png */,
				88B656CE1A8E0A7000F73DB4 /* inbox.png */,
				88B656CF1A8E0A7000F73DB4 /* ranking.png */,
				88B656D01A8E0A7000F73DB4 /* settings.png */,
				88B656D11A8E0A7000F73DB4 /* word.png */,
				889789D31A88BE1F00B2B8A6 /* profbox.png */,
				889CD0C21A85EFEF00580FB6 /* shop.png */,
				889CD0C31A85EFEF00580FB6 /* theirturn.png */,
				883BA8111A7FA4EA00B0DDA1 /* eg_launch_up.jpg */,
				883BA8121A7FA4EA00B0DDA1 /* eg_launch.png */,
				883BA7E61A7FA2EB00B0DDA1 /* background.jpg */,
				883BA7E71A7FA2EB00B0DDA1 /* cancel_ic.png */,
				883BA7E81A7FA2EB00B0DDA1 /* pinkLine.png */,
				883BA7E91A7FA2EB00B0DDA1 /* signup_1_ic.png */,
				883BA7EA1A7FA2EB00B0DDA1 /* signup_e_ic.png */,
			);
			name = UI;
			sourceTree = "<group>";
		};
		883BA7F91A7FA3C100B0DDA1 /* SVProgressHUD */ = {
			isa = PBXGroup;
			children = (
				883BA7FA1A7FA3C200B0DDA1 /* SVIndefiniteAnimatedView.h */,
				883BA7FB1A7FA3C200B0DDA1 /* SVIndefiniteAnimatedView.m */,
				883BA7FC1A7FA3C200B0DDA1 /* SVProgressHUD-Prefix.pch */,
				883BA7FD1A7FA3C200B0DDA1 /* SVProgressHUD.bundle */,
				883BA7FE1A7FA3C200B0DDA1 /* SVProgressHUD.h */,
				883BA7FF1A7FA3C200B0DDA1 /* SVProgressHUD.m */,
			);
			path = SVProgressHUD;
			sourceTree = "<group>";
		};
		883BA8001A7FA3C200B0DDA1 /* WYPopoverController */ = {
			isa = PBXGroup;
			children = (
				883BA8011A7FA3C200B0DDA1 /* WYPopoverController.h */,
				883BA8021A7FA3C200B0DDA1 /* WYPopoverController.m */,
				883BA8031A7FA3C200B0DDA1 /* WYStoryboardPopoverSegue.h */,
				883BA8041A7FA3C200B0DDA1 /* WYStoryboardPopoverSegue.m */,
			);
			path = WYPopoverController;
			sourceTree = "<group>";
		};
		883BA8151A7FA7CE00B0DDA1 /* MainViewControllers */ = {
			isa = PBXGroup;
			children = (
				883BA80E1A7FA3E700B0DDA1 /* LoginViewController.h */,
				883BA80F1A7FA3E700B0DDA1 /* LoginViewController.m */,
				883BA7F71A7FA3C100B0DDA1 /* RootViewController.h */,
				883BA7F81A7FA3C100B0DDA1 /* RootViewController.m */,
				889CD0F91A8624A800580FB6 /* MainViewController.h */,
				889CD0FA1A8624A800580FB6 /* MainViewController.m */,
				88BB5BB41A91F16800385C04 /* ProfileViewController.h */,
				88BB5BB51A91F16800385C04 /* ProfileViewController.m */,
				88BB5BE31A94AD7000385C04 /* SelectFriendView.h */,
				88BB5BE41A94AD7000385C04 /* SelectFriendView.m */,
				88D9694C1A97235E007EE2E3 /* SelectWordView.h */,
				88D9694D1A97235E007EE2E3 /* SelectWordView.m */,
				88D9694F1A974F9D007EE2E3 /* HintVIewController.h */,
				8862FF411A9F2EB200A1E7A9 /* EditProfileViewController.h */,
				8862FF421A9F2EB200A1E7A9 /* EditProfileViewController.m */,
				8862FF441A9F2EC100A1E7A9 /* EditPhotoViewController.h */,
				8862FF451A9F2EC100A1E7A9 /* EditPhotoViewController.m */,
				88D969501A974F9D007EE2E3 /* HintVIewController.m */,
				88D969561A9763B9007EE2E3 /* FinishPopupViewController.h */,
				88D969571A9763B9007EE2E3 /* FinishPopupViewController.m */,
				887F2F741A9B657A005E2F4F /* GuessViewController.h */,
				887F2F751A9B657A005E2F4F /* GuessViewController.m */,
				888043861A9E1D910092C7AC /* GuessRightViewController.h */,
				888043871A9E1D910092C7AC /* GuessRightViewController.m */,
				88CA96DF1AB30EB7008B72BE /* GuessGiveupViewController.h */,
				88CA96E01AB30EB7008B72BE /* GuessGiveupViewController.m */,
			);
			name = MainViewControllers;
			sourceTree = "<group>";
		};
		889CD0D01A86153200580FB6 /* SupportViewControllers */ = {
			isa = PBXGroup;
			children = (
				88BB5BD11A923DF400385C04 /* AchieveViewController.h */,
				88BB5BD21A923DF400385C04 /* AchieveViewController.m */,
				88FEF9091AB1CCCE001F1116 /* GiveUpPopupVIewController.h */,
				88FEF90A1AB1CCCE001F1116 /* GiveUpPopupVIewController.m */,
				8862FF491A9F37B600A1E7A9 /* SharePopupViewController.h */,
				8862FF4A1A9F37B600A1E7A9 /* SharePopupViewController.m */,
				88BB5BCE1A922EF000385C04 /* GameViewController.h */,
				88BB5BCF1A922EF000385C04 /* GameViewController.m */,
				88BB5BCB1A922EDD00385C04 /* PhotoViewController.h */,
				88BB5BCC1A922EDD00385C04 /* PhotoViewController.m */,
				883BA7F11A7FA3C100B0DDA1 /* JoinPopupViewController.h */,
				883BA7F21A7FA3C100B0DDA1 /* JoinPopupViewController.m */,
				883BA7F31A7FA3C100B0DDA1 /* LoginPopupViewController.h */,
				883BA7F41A7FA3C100B0DDA1 /* LoginPopupViewController.m */,
				889CD0FD1A86345600580FB6 /* LeftViewController.m */,
				889CD0FC1A86345600580FB6 /* LeftViewController.h */,
				889CD0FF1A86346200580FB6 /* RightViewController.h */,
				889CD1001A86346200580FB6 /* RightViewController.m */,
				88A68FE11A8A0DDD00DBA3CE /* MainTableViewCell.h */,
				88A68FE21A8A0DDD00DBA3CE /* MainTableViewCell.m */,
				88BB5BE01A94981500385C04 /* ProfileImageItemCell.h */,
				88BB5BE11A94981500385C04 /* ProfileImageItemCell.m */,
			);
			name = SupportViewControllers;
			sourceTree = "<group>";
		};
		889CD0D11A861E4300580FB6 /* SlideMenu */ = {
			isa = PBXGroup;
			children = (
				889CD0D21A861E4300580FB6 /* Animations */,
				889CD0DE1A861E4300580FB6 /* Assets */,
				889CD0E11A861E4300580FB6 /* SlideNavigationController.h */,
				889CD0E21A861E4300580FB6 /* SlideNavigationController.m */,
			);
			name = SlideMenu;
			path = Source;
			sourceTree = "<group>";
		};
		889CD0D21A861E4300580FB6 /* Animations */ = {
			isa = PBXGroup;
			children = (
				889CD0D31A861E4300580FB6 /* SlideNavigationContorllerAnimator.h */,
				889CD0D41A861E4300580FB6 /* SlideNavigationContorllerAnimatorFade.h */,
				889CD0D51A861E4300580FB6 /* SlideNavigationContorllerAnimatorFade.m */,
				889CD0D61A861E4300580FB6 /* SlideNavigationContorllerAnimatorScale.h */,
				889CD0D71A861E4300580FB6 /* SlideNavigationContorllerAnimatorScale.m */,
				889CD0D81A861E4300580FB6 /* SlideNavigationContorllerAnimatorScaleAndFade.h */,
				889CD0D91A861E4300580FB6 /* SlideNavigationContorllerAnimatorScaleAndFade.m */,
				889CD0DA1A861E4300580FB6 /* SlideNavigationContorllerAnimatorSlide.h */,
				889CD0DB1A861E4300580FB6 /* SlideNavigationContorllerAnimatorSlide.m */,
				889CD0DC1A861E4300580FB6 /* SlideNavigationContorllerAnimatorSlideAndFade.h */,
				889CD0DD1A861E4300580FB6 /* SlideNavigationContorllerAnimatorSlideAndFade.m */,
			);
			path = Animations;
			sourceTree = "<group>";
		};
		889CD0DE1A861E4300580FB6 /* Assets */ = {
			isa = PBXGroup;
			children = (
				889CD0DF1A861E4300580FB6 /* menu-button.png */,
				889CD0E01A861E4300580FB6 /* menu-button@2x.png */,
			);
			path = Assets;
			sourceTree = "<group>";
		};
		889CD10A1A86420500580FB6 /* Frameworks */ = {
			isa = PBXGroup;
			children = (
				889CD1081A8641FB00580FB6 /* CoreGraphics.framework */,
				889CD1061A8641F400580FB6 /* Foundation.framework */,
				889CD1041A8641E400580FB6 /* UIKit.framework */,
				889CD1021A8641D900580FB6 /* QuartzCore.framework */,
			);
			name = Frameworks;
			sourceTree = "<group>";
		};
		88A68FE41A8A14AA00DBA3CE /* Test */ = {
			isa = PBXGroup;
			children = (
				88A68FE51A8A14B400DBA3CE /* yong.jpg */,
				88A68FE61A8A14B400DBA3CE /* chole.jpg */,
				88A68FE71A8A14B400DBA3CE /* medic.jpg */,
				88A68FE81A8A14B400DBA3CE /* ky.png */,
			);
			name = Test;
			sourceTree = "<group>";
		};
/* End PBXGroup section */

/* Begin PBXNativeTarget section */
		883BA7BC1A7FA28A00B0DDA1 /* MonkeyMe */ = {
			isa = PBXNativeTarget;
			buildConfigurationList = 883BA7E01A7FA28B00B0DDA1 /* Build configuration list for PBXNativeTarget "MonkeyMe" */;
			buildPhases = (
				883BA7B91A7FA28A00B0DDA1 /* Sources */,
				883BA7BA1A7FA28A00B0DDA1 /* Frameworks */,
				883BA7BB1A7FA28A00B0DDA1 /* Resources */,
			);
			buildRules = (
			);
			dependencies = (
			);
			name = MonkeyMe;
			productName = MonkeyMe;
			productReference = 883BA7BD1A7FA28A00B0DDA1 /* MonkeyMe.app */;
			productType = "com.apple.product-type.application";
		};
		883BA7D51A7FA28B00B0DDA1 /* MonkeyMeTests */ = {
			isa = PBXNativeTarget;
			buildConfigurationList = 883BA7E31A7FA28B00B0DDA1 /* Build configuration list for PBXNativeTarget "MonkeyMeTests" */;
			buildPhases = (
				883BA7D21A7FA28B00B0DDA1 /* Sources */,
				883BA7D31A7FA28B00B0DDA1 /* Frameworks */,
				883BA7D41A7FA28B00B0DDA1 /* Resources */,
			);
			buildRules = (
			);
			dependencies = (
				883BA7D81A7FA28B00B0DDA1 /* PBXTargetDependency */,
			);
			name = MonkeyMeTests;
			productName = MonkeyMeTests;
			productReference = 883BA7D61A7FA28B00B0DDA1 /* MonkeyMeTests.xctest */;
			productType = "com.apple.product-type.bundle.unit-test";
		};
/* End PBXNativeTarget section */

/* Begin PBXProject section */
		883BA7B51A7FA28A00B0DDA1 /* Project object */ = {
			isa = PBXProject;
			attributes = {
				LastUpgradeCheck = 0610;
				ORGANIZATIONNAME = kayadami;
				TargetAttributes = {
					883BA7BC1A7FA28A00B0DDA1 = {
						CreatedOnToolsVersion = 6.1.1;
						DevelopmentTeam = 4CRUHPW36L;
					};
					883BA7D51A7FA28B00B0DDA1 = {
						CreatedOnToolsVersion = 6.1.1;
						TestTargetID = 883BA7BC1A7FA28A00B0DDA1;
					};
				};
			};
			buildConfigurationList = 883BA7B81A7FA28A00B0DDA1 /* Build configuration list for PBXProject "MonkeyMe" */;
			compatibilityVersion = "Xcode 3.2";
			developmentRegion = English;
			hasScannedForEncodings = 0;
			knownRegions = (
				en,
				Base,
			);
			mainGroup = 883BA7B41A7FA28A00B0DDA1;
			productRefGroup = 883BA7BE1A7FA28A00B0DDA1 /* Products */;
			projectDirPath = "";
			projectRoot = "";
			targets = (
				883BA7BC1A7FA28A00B0DDA1 /* MonkeyMe */,
				883BA7D51A7FA28B00B0DDA1 /* MonkeyMeTests */,
			);
		};
/* End PBXProject section */

/* Begin PBXResourcesBuildPhase section */
		883BA7BB1A7FA28A00B0DDA1 /* Resources */ = {
			isa = PBXResourcesBuildPhase;
			buildActionMask = 2147483647;
			files = (
				889789D41A88BE1F00B2B8A6 /* profbox.png in Resources */,
				8862FF4D1A9F517200A1E7A9 /* share.png in Resources */,
				889CD0C51A85EFEF00580FB6 /* energy.png in Resources */,
				883BA7CC1A7FA28A00B0DDA1 /* Main.storyboard in Resources */,
				883BA8131A7FA4EA00B0DDA1 /* eg_launch_up.jpg in Resources */,
				88BB5BBA1A91F86300385C04 /* back_top.png in Resources */,
				88BB5BDB1A935E7200385C04 /* achg.png in Resources */,
				889CD0C41A85EFEF00580FB6 /* banana.png in Resources */,
				88B656D31A8E0A7000F73DB4 /* help.png in Resources */,
				883BA80A1A7FA3C200B0DDA1 /* SVProgressHUD.bundle in Resources */,
				883BA7ED1A7FA2EB00B0DDA1 /* pinkLine.png in Resources */,
				883BA7EE1A7FA2EB00B0DDA1 /* signup_1_ic.png in Resources */,
				883BA8141A7FA4EA00B0DDA1 /* eg_launch.png in Resources */,
				8862FF481A9F379000A1E7A9 /* phoedic.png in Resources */,
				889CD0E81A861E4300580FB6 /* menu-button.png in Resources */,
				88D969491A97208E007EE2E3 /* refresh.png in Resources */,
				889CD0CC1A85EFEF00580FB6 /* myturn.png in Resources */,
				883BA7EB1A7FA2EB00B0DDA1 /* background.jpg in Resources */,
				889CD0C61A85EFEF00580FB6 /* friendslist.png in Resources */,
				889CD0F61A86204000580FB6 /* rightMenu.jpg in Resources */,
				88BB5BB81A91F81500385C04 /* back.png in Resources */,
				88A68FEB1A8A14B400DBA3CE /* medic.jpg in Resources */,
				88B656D61A8E0A7000F73DB4 /* settings.png in Resources */,
				88D969551A976228007EE2E3 /* test.jpg in Resources */,
				88BB5BDE1A935E7200385C04 /* phob.png in Resources */,
				889CD0CE1A85EFEF00580FB6 /* shop.png in Resources */,
				88D969531A97508A007EE2E3 /* ok.png in Resources */,
				88B656D51A8E0A7000F73DB4 /* ranking.png in Resources */,
				889CD0E91A861E4300580FB6 /* menu-button@2x.png in Resources */,
				887F2F731A9B60FF005E2F4F /* mleafbutton.png in Resources */,
				88BB5BDF1A935E7200385C04 /* phog.png in Resources */,
				889CD0CD1A85EFEF00580FB6 /* puzzlemode.png in Resources */,
				889CD0C81A85EFEF00580FB6 /* goprof.png in Resources */,
				889CD0CA1A85EFEF00580FB6 /* levc.png in Resources */,
				88BB5BDC1A935E7200385C04 /* gamb.png in Resources */,
				889CD0F81A86204000580FB6 /* animation.png in Resources */,
				88D9694B1A9720DC007EE2E3 /* refreshbox.png in Resources */,
				88BB5BDD1A935E7200385C04 /* gamg.png in Resources */,
				88A68FE91A8A14B400DBA3CE /* yong.jpg in Resources */,
				889CD0CB1A85EFEF00580FB6 /* menu.png in Resources */,
				889CD0F71A86204000580FB6 /* leftMenu.jpg in Resources */,
				88D969471A971F4B007EE2E3 /* monkeywords.png in Resources */,
				8862FF4F1A9F53B400A1E7A9 /* mleaf.png in Resources */,
				889CD0F51A86204000580FB6 /* gear.png in Resources */,
				88BB5BDA1A935E7200385C04 /* achb.png in Resources */,
				88A68FEC1A8A14B400DBA3CE /* ky.png in Resources */,
				88A68FEA1A8A14B400DBA3CE /* chole.jpg in Resources */,
				889CD0CF1A85EFEF00580FB6 /* theirturn.png in Resources */,
				883BA7EC1A7FA2EB00B0DDA1 /* cancel_ic.png in Resources */,
				88B656D71A8E0A7000F73DB4 /* word.png in Resources */,
				88BB5BCA1A92117C00385C04 /* private.png in Resources */,
				889CD0C71A85EFEF00580FB6 /* gomonkey.png in Resources */,
				883BA7D11A7FA28A00B0DDA1 /* LaunchScreen.xib in Resources */,
				88B656D41A8E0A7000F73DB4 /* inbox.png in Resources */,
				88B656D21A8E0A7000F73DB4 /* achieve.png in Resources */,
				883BA7CE1A7FA28A00B0DDA1 /* Images.xcassets in Resources */,
				883BA7EF1A7FA2EB00B0DDA1 /* signup_e_ic.png in Resources */,
				889CD0C91A85EFEF00580FB6 /* indexline.png in Resources */,
				88BB5BBC1A9209DD00385C04 /* selected.png in Resources */,
			);
			runOnlyForDeploymentPostprocessing = 0;
		};
		883BA7D41A7FA28B00B0DDA1 /* Resources */ = {
			isa = PBXResourcesBuildPhase;
			buildActionMask = 2147483647;
			files = (
			);
			runOnlyForDeploymentPostprocessing = 0;
		};
/* End PBXResourcesBuildPhase section */

/* Begin PBXSourcesBuildPhase section */
		883BA7B91A7FA28A00B0DDA1 /* Sources */ = {
			isa = PBXSourcesBuildPhase;
			buildActionMask = 2147483647;
			files = (
				889CD0EA1A861E4300580FB6 /* SlideNavigationController.m in Sources */,
				889CD1011A86346200580FB6 /* RightViewController.m in Sources */,
				887F2F761A9B657A005E2F4F /* GuessViewController.m in Sources */,
				88BB5BE21A94981500385C04 /* ProfileImageItemCell.m in Sources */,
				883BA8061A7FA3C200B0DDA1 /* LoginPopupViewController.m in Sources */,
				88BB5BD31A923DF400385C04 /* AchieveViewController.m in Sources */,
				883BA8081A7FA3C200B0DDA1 /* RootViewController.m in Sources */,
				88D9694E1A97235E007EE2E3 /* SelectWordView.m in Sources */,
				889CD0FB1A8624A800580FB6 /* MainViewController.m in Sources */,
				88FEF90B1AB1CCCE001F1116 /* GiveUpPopupVIewController.m in Sources */,
				889CD0E61A861E4300580FB6 /* SlideNavigationContorllerAnimatorSlide.m in Sources */,
				883BA80C1A7FA3C200B0DDA1 /* WYPopoverController.m in Sources */,
				88CA96E11AB30EB7008B72BE /* GuessGiveupViewController.m in Sources */,
				8862FF461A9F2EC100A1E7A9 /* EditPhotoViewController.m in Sources */,
				883BA8091A7FA3C200B0DDA1 /* SVIndefiniteAnimatedView.m in Sources */,
				88BB5BB61A91F16800385C04 /* ProfileViewController.m in Sources */,
				883BA7C61A7FA28A00B0DDA1 /* AppDelegate.m in Sources */,
				88A68FE31A8A0DDD00DBA3CE /* MainTableViewCell.m in Sources */,
				889CD0FE1A86345600580FB6 /* LeftViewController.m in Sources */,
				883BA80B1A7FA3C200B0DDA1 /* SVProgressHUD.m in Sources */,
				889CD0E31A861E4300580FB6 /* SlideNavigationContorllerAnimatorFade.m in Sources */,
				88BB5BCD1A922EDD00385C04 /* PhotoViewController.m in Sources */,
				88D969581A9763B9007EE2E3 /* FinishPopupViewController.m in Sources */,
				883BA7C31A7FA28A00B0DDA1 /* main.m in Sources */,
				88BB5BD01A922EF000385C04 /* GameViewController.m in Sources */,
				883BA8101A7FA3E700B0DDA1 /* LoginViewController.m in Sources */,
				8862FF431A9F2EB200A1E7A9 /* EditProfileViewController.m in Sources */,
				889CD0E51A861E4300580FB6 /* SlideNavigationContorllerAnimatorScaleAndFade.m in Sources */,
				883BA8071A7FA3C200B0DDA1 /* NetworkController.m in Sources */,
				888043881A9E1D910092C7AC /* GuessRightViewController.m in Sources */,
				88BB5BE51A94AD7000385C04 /* SelectFriendView.m in Sources */,
				883BA8051A7FA3C200B0DDA1 /* JoinPopupViewController.m in Sources */,
				883BA80D1A7FA3C200B0DDA1 /* WYStoryboardPopoverSegue.m in Sources */,
				8862FF4B1A9F37B600A1E7A9 /* SharePopupViewController.m in Sources */,
				88D969511A974F9D007EE2E3 /* HintVIewController.m in Sources */,
				889CD0E71A861E4300580FB6 /* SlideNavigationContorllerAnimatorSlideAndFade.m in Sources */,
				889CD0E41A861E4300580FB6 /* SlideNavigationContorllerAnimatorScale.m in Sources */,
			);
			runOnlyForDeploymentPostprocessing = 0;
		};
		883BA7D21A7FA28B00B0DDA1 /* Sources */ = {
			isa = PBXSourcesBuildPhase;
			buildActionMask = 2147483647;
			files = (
				883BA7DD1A7FA28B00B0DDA1 /* MonkeyMeTests.m in Sources */,
			);
			runOnlyForDeploymentPostprocessing = 0;
		};
/* End PBXSourcesBuildPhase section */

/* Begin PBXTargetDependency section */
		883BA7D81A7FA28B00B0DDA1 /* PBXTargetDependency */ = {
			isa = PBXTargetDependency;
			target = 883BA7BC1A7FA28A00B0DDA1 /* MonkeyMe */;
			targetProxy = 883BA7D71A7FA28B00B0DDA1 /* PBXContainerItemProxy */;
		};
/* End PBXTargetDependency section */

/* Begin PBXVariantGroup section */
		883BA7CA1A7FA28A00B0DDA1 /* Main.storyboard */ = {
			isa = PBXVariantGroup;
			children = (
				883BA7CB1A7FA28A00B0DDA1 /* Base */,
			);
			name = Main.storyboard;
			sourceTree = "<group>";
		};
		883BA7CF1A7FA28A00B0DDA1 /* LaunchScreen.xib */ = {
			isa = PBXVariantGroup;
			children = (
				883BA7D01A7FA28A00B0DDA1 /* Base */,
			);
			name = LaunchScreen.xib;
			sourceTree = "<group>";
		};
/* End PBXVariantGroup section */

/* Begin XCBuildConfiguration section */
		883BA7DE1A7FA28B00B0DDA1 /* Debug */ = {
			isa = XCBuildConfiguration;
			buildSettings = {
				ALWAYS_SEARCH_USER_PATHS = NO;
				CLANG_CXX_LANGUAGE_STANDARD = "gnu++0x";
				CLANG_CXX_LIBRARY = "libc++";
				CLANG_ENABLE_MODULES = YES;
				CLANG_ENABLE_OBJC_ARC = YES;
				CLANG_WARN_BOOL_CONVERSION = YES;
				CLANG_WARN_CONSTANT_CONVERSION = YES;
				CLANG_WARN_DIRECT_OBJC_ISA_USAGE = YES_ERROR;
				CLANG_WARN_EMPTY_BODY = YES;
				CLANG_WARN_ENUM_CONVERSION = YES;
				CLANG_WARN_INT_CONVERSION = YES;
				CLANG_WARN_OBJC_ROOT_CLASS = YES_ERROR;
				CLANG_WARN_UNREACHABLE_CODE = YES;
				CLANG_WARN__DUPLICATE_METHOD_MATCH = YES;
				"CODE_SIGN_IDENTITY[sdk=iphoneos*]" = "iPhone Developer";
				COPY_PHASE_STRIP = NO;
				ENABLE_STRICT_OBJC_MSGSEND = YES;
				GCC_C_LANGUAGE_STANDARD = gnu99;
				GCC_DYNAMIC_NO_PIC = NO;
				GCC_OPTIMIZATION_LEVEL = 0;
				GCC_PREPROCESSOR_DEFINITIONS = (
					"DEBUG=1",
					"$(inherited)",
				);
				GCC_SYMBOLS_PRIVATE_EXTERN = NO;
				GCC_WARN_64_TO_32_BIT_CONVERSION = YES;
				GCC_WARN_ABOUT_RETURN_TYPE = YES_ERROR;
				GCC_WARN_UNDECLARED_SELECTOR = YES;
				GCC_WARN_UNINITIALIZED_AUTOS = YES_AGGRESSIVE;
				GCC_WARN_UNUSED_FUNCTION = YES;
				GCC_WARN_UNUSED_VARIABLE = YES;
				IPHONEOS_DEPLOYMENT_TARGET = 8.1;
				MTL_ENABLE_DEBUG_INFO = YES;
				ONLY_ACTIVE_ARCH = YES;
				SDKROOT = iphoneos;
			};
			name = Debug;
		};
		883BA7DF1A7FA28B00B0DDA1 /* Release */ = {
			isa = XCBuildConfiguration;
			buildSettings = {
				ALWAYS_SEARCH_USER_PATHS = NO;
				CLANG_CXX_LANGUAGE_STANDARD = "gnu++0x";
				CLANG_CXX_LIBRARY = "libc++";
				CLANG_ENABLE_MODULES = YES;
				CLANG_ENABLE_OBJC_ARC = YES;
				CLANG_WARN_BOOL_CONVERSION = YES;
				CLANG_WARN_CONSTANT_CONVERSION = YES;
				CLANG_WARN_DIRECT_OBJC_ISA_USAGE = YES_ERROR;
				CLANG_WARN_EMPTY_BODY = YES;
				CLANG_WARN_ENUM_CONVERSION = YES;
				CLANG_WARN_INT_CONVERSION = YES;
				CLANG_WARN_OBJC_ROOT_CLASS = YES_ERROR;
				CLANG_WARN_UNREACHABLE_CODE = YES;
				CLANG_WARN__DUPLICATE_METHOD_MATCH = YES;
				"CODE_SIGN_IDENTITY[sdk=iphoneos*]" = "iPhone Developer";
				COPY_PHASE_STRIP = YES;
				ENABLE_NS_ASSERTIONS = NO;
				ENABLE_STRICT_OBJC_MSGSEND = YES;
				GCC_C_LANGUAGE_STANDARD = gnu99;
				GCC_WARN_64_TO_32_BIT_CONVERSION = YES;
				GCC_WARN_ABOUT_RETURN_TYPE = YES_ERROR;
				GCC_WARN_UNDECLARED_SELECTOR = YES;
				GCC_WARN_UNINITIALIZED_AUTOS = YES_AGGRESSIVE;
				GCC_WARN_UNUSED_FUNCTION = YES;
				GCC_WARN_UNUSED_VARIABLE = YES;
				IPHONEOS_DEPLOYMENT_TARGET = 8.1;
				MTL_ENABLE_DEBUG_INFO = NO;
				SDKROOT = iphoneos;
				VALIDATE_PRODUCT = YES;
			};
			name = Release;
		};
		883BA7E11A7FA28B00B0DDA1 /* Debug */ = {
			isa = XCBuildConfiguration;
			buildSettings = {
				ASSETCATALOG_COMPILER_APPICON_NAME = AppIcon;
				ASSETCATALOG_COMPILER_LAUNCHIMAGE_NAME = LaunchImage;
				INFOPLIST_FILE = MonkeyMe/Info.plist;
				IPHONEOS_DEPLOYMENT_TARGET = 7.1;
				LD_RUNPATH_SEARCH_PATHS = "$(inherited) @executable_path/Frameworks";
				PRODUCT_NAME = "$(TARGET_NAME)";
			};
			name = Debug;
		};
		883BA7E21A7FA28B00B0DDA1 /* Release */ = {
			isa = XCBuildConfiguration;
			buildSettings = {
				ASSETCATALOG_COMPILER_APPICON_NAME = AppIcon;
				ASSETCATALOG_COMPILER_LAUNCHIMAGE_NAME = LaunchImage;
				INFOPLIST_FILE = MonkeyMe/Info.plist;
				IPHONEOS_DEPLOYMENT_TARGET = 7.1;
				LD_RUNPATH_SEARCH_PATHS = "$(inherited) @executable_path/Frameworks";
				PRODUCT_NAME = "$(TARGET_NAME)";
			};
			name = Release;
		};
		883BA7E41A7FA28B00B0DDA1 /* Debug */ = {
			isa = XCBuildConfiguration;
			buildSettings = {
				BUNDLE_LOADER = "$(TEST_HOST)";
				FRAMEWORK_SEARCH_PATHS = (
					"$(SDKROOT)/Developer/Library/Frameworks",
					"$(inherited)",
				);
				GCC_PREPROCESSOR_DEFINITIONS = (
					"DEBUG=1",
					"$(inherited)",
				);
				INFOPLIST_FILE = MonkeyMeTests/Info.plist;
				LD_RUNPATH_SEARCH_PATHS = "$(inherited) @executable_path/Frameworks @loader_path/Frameworks";
				PRODUCT_NAME = "$(TARGET_NAME)";
				TEST_HOST = "$(BUILT_PRODUCTS_DIR)/MonkeyMe.app/MonkeyMe";
			};
			name = Debug;
		};
		883BA7E51A7FA28B00B0DDA1 /* Release */ = {
			isa = XCBuildConfiguration;
			buildSettings = {
				BUNDLE_LOADER = "$(TEST_HOST)";
				FRAMEWORK_SEARCH_PATHS = (
					"$(SDKROOT)/Developer/Library/Frameworks",
					"$(inherited)",
				);
				INFOPLIST_FILE = MonkeyMeTests/Info.plist;
				LD_RUNPATH_SEARCH_PATHS = "$(inherited) @executable_path/Frameworks @loader_path/Frameworks";
				PRODUCT_NAME = "$(TARGET_NAME)";
				TEST_HOST = "$(BUILT_PRODUCTS_DIR)/MonkeyMe.app/MonkeyMe";
			};
			name = Release;
		};
/* End XCBuildConfiguration section */

/* Begin XCConfigurationList section */
		883BA7B81A7FA28A00B0DDA1 /* Build configuration list for PBXProject "MonkeyMe" */ = {
			isa = XCConfigurationList;
			buildConfigurations = (
				883BA7DE1A7FA28B00B0DDA1 /* Debug */,
				883BA7DF1A7FA28B00B0DDA1 /* Release */,
			);
			defaultConfigurationIsVisible = 0;
			defaultConfigurationName = Release;
		};
		883BA7E01A7FA28B00B0DDA1 /* Build configuration list for PBXNativeTarget "MonkeyMe" */ = {
			isa = XCConfigurationList;
			buildConfigurations = (
				883BA7E11A7FA28B00B0DDA1 /* Debug */,
				883BA7E21A7FA28B00B0DDA1 /* Release */,
			);
			defaultConfigurationIsVisible = 0;
			defaultConfigurationName = Release;
		};
		883BA7E31A7FA28B00B0DDA1 /* Build configuration list for PBXNativeTarget "MonkeyMeTests" */ = {
			isa = XCConfigurationList;
			buildConfigurations = (
				883BA7E41A7FA28B00B0DDA1 /* Debug */,
				883BA7E51A7FA28B00B0DDA1 /* Release */,
			);
			defaultConfigurationIsVisible = 0;
			defaultConfigurationName = Release;
		};
/* End XCConfigurationList section */
	};
	rootObject = 883BA7B51A7FA28A00B0DDA1 /* Project object */;
}
